<?xml version="1.0" encoding="utf-8"?>
<Project ToolsVersion="4.0" xmlns="http://schemas.microsoft.com/developer/msbuild/2003">
  <ItemGroup>
    <Filter Include="Source Files">
      <UniqueIdentifier>{4FC737F1-C7A5-4376-A066-2A32D752A2FF}</UniqueIdentifier>
      <Extensions>cpp;c;cc;cxx;c++;cppm;ixx;def;odl;idl;hpj;bat;asm;asmx</Extensions>
    </Filter>
    <Filter Include="Header Files">
      <UniqueIdentifier>{93995380-89BD-4b04-88EB-625FBE52EBFB}</UniqueIdentifier>
      <Extensions>h;hh;hpp;hxx;h++;hm;inl;inc;ipp;xsd</Extensions>
    </Filter>
    <Filter Include="Resource Files">
      <UniqueIdentifier>{67DA6AB6-F800-4c08-8B7A-83BB121AAD01}</UniqueIdentifier>
      <Extensions>rc;ico;cur;bmp;dlg;rc2;rct;bin;rgs;gif;jpg;jpeg;jpe;resx;tiff;tif;png;wav;mfcribbon-ms</Extensions>
    </Filter>
    <Filter Include="Source Files\Game Engine">
      <UniqueIdentifier>{b795beb9-2120-4961-b2ef-7124bf2d1183}</UniqueIdentifier>
    </Filter>
    <Filter Include="Source Files\Interfaces">
      <UniqueIdentifier>{64785312-47ef-4bc5-964b-bc9e075e6943}</UniqueIdentifier>
    </Filter>
    <Filter Include="Source Files\Interfaces\Input">
      <UniqueIdentifier>{a2c46f92-0696-41aa-9db5-357bfad84dc8}</UniqueIdentifier>
    </Filter>
    <Filter Include="Source Files\Interfaces\Update">
      <UniqueIdentifier>{30eaedf6-1deb-44cc-9411-0f684adcb419}</UniqueIdentifier>
    </Filter>
    <Filter Include="Source Files\Interfaces\Draw">
      <UniqueIdentifier>{858b32a1-ffb5-437d-b9f1-3b7dddf8d10e}</UniqueIdentifier>
    </Filter>
    <Filter Include="Source Files\Game Engine\Scene Management">
      <UniqueIdentifier>{e4bb3a14-8def-4224-a548-15f0d1321a48}</UniqueIdentifier>
    </Filter>
    <Filter Include="Source Files\Game Engine\Scene Management\Scene">
      <UniqueIdentifier>{1bea4733-6fbe-485c-9775-28e8d5e19d43}</UniqueIdentifier>
    </Filter>
    <Filter Include="Source Files\Game Engine\Scene Management\Scene Manager">
      <UniqueIdentifier>{722535cf-1442-407b-bb65-32299afc696b}</UniqueIdentifier>
    </Filter>
    <Filter Include="Source Files\Interfaces\Scene Loader">
      <UniqueIdentifier>{f8e7c162-b9f2-43b7-91f3-42bc26b150bf}</UniqueIdentifier>
    </Filter>
    <Filter Include="Source Files\Game Engine\GameObject">
      <UniqueIdentifier>{92de1a1f-4c02-4d28-bdcc-f8cbdc02a91f}</UniqueIdentifier>
    </Filter>
    <Filter Include="Source Files\Game Engine\Components">
      <UniqueIdentifier>{26cd3c8b-90ef-4067-8d27-8165a55e6c8d}</UniqueIdentifier>
    </Filter>
    <Filter Include="Source Files\Game Engine\Components\Transform">
      <UniqueIdentifier>{597fffe3-8564-4977-8963-31bc91e49174}</UniqueIdentifier>
    </Filter>
  </ItemGroup>
  <ItemGroup>
    <ClCompile Include="main.cpp">
      <Filter>Source Files</Filter>
    </ClCompile>
    <ClCompile Include="GameEngine.cpp">
      <Filter>Source Files\Game Engine</Filter>
    </ClCompile>
    <ClCompile Include="Scene.cpp">
      <Filter>Source Files\Game Engine\Scene Management\Scene</Filter>
    </ClCompile>
    <ClCompile Include="SceneManager.cpp">
      <Filter>Source Files\Game Engine\Scene Management\Scene Manager</Filter>
    </ClCompile>
    <ClCompile Include="GameObject.cpp">
      <Filter>Source Files\Game Engine\GameObject</Filter>
    </ClCompile>
    <ClCompile Include="Component.cpp">
      <Filter>Source Files\Game Engine\Components</Filter>
    </ClCompile>
    <ClCompile Include="Transform.cpp">
      <Filter>Source Files\Game Engine\Components\Transform</Filter>
    </ClCompile>
  </ItemGroup>
  <ItemGroup>
    <ClInclude Include="GameEngine.h">
      <Filter>Source Files\Game Engine</Filter>
    </ClInclude>
    <ClInclude Include="IDraw.h">
      <Filter>Source Files\Interfaces\Draw</Filter>
    </ClInclude>
    <ClInclude Include="IInput.h">
      <Filter>Source Files\Interfaces\Input</Filter>
    </ClInclude>
    <ClInclude Include="IUpdate.h">
      <Filter>Source Files\Interfaces\Update</Filter>
    </ClInclude>
    <ClInclude Include="Scene.h">
      <Filter>Source Files\Game Engine\Scene Management\Scene</Filter>
    </ClInclude>
    <ClInclude Include="SceneManager.h">
      <Filter>Source Files\Game Engine\Scene Management\Scene Manager</Filter>
    </ClInclude>
    <ClInclude Include="ISceneLoader.h">
      <Filter>Source Files\Interfaces\Scene Loader</Filter>
    </ClInclude>
    <ClInclude Include="GameObject.h">
      <Filter>Source Files\Game Engine\GameObject</Filter>
    </ClInclude>
    <ClInclude Include="Component.h">
      <Filter>Source Files\Game Engine\Components</Filter>
    </ClInclude>
    <ClInclude Include="Transform.h">
      <Filter>Source Files\Game Engine\Components\Transform</Filter>
    </ClInclude>
  </ItemGroup>
</Project>